
Microsoft Visual Studio Solution File, Format Version 11.00
# Visual Studio 2010
Project("{FAE04EC0-301F-11D3-BF4B-00C04F79EFBC}") = "RxTraining", "RxTraining\RxTraining.csproj", "{F213AE77-7CF1-482F-B62C-3462AD751FAE}"
EndProject
Project("{FAE04EC0-301F-11D3-BF4B-00C04F79EFBC}") = "RxTrainingTests", "RxTrainingTests\RxTrainingTests.csproj", "{47D06528-8371-40C3-B6D5-D4723BDCDD9E}"
EndProject
Project("{2150E333-8FDC-42A3-9474-1A3956D46DE8}") = ".nuget", ".nuget", "{B044B1C8-2EB5-4522-B82D-2A931F530597}"
	ProjectSection(SolutionItems) = preProject
		.nuget\NuGet.Config = .nuget\NuGet.Config
		.nuget\NuGet.exe = .nuget\NuGet.exe
		.nuget\NuGet.targets = .nuget\NuGet.targets
	EndProjectSection
EndProject
Global
	GlobalSection(SolutionConfigurationPlatforms) = preSolution
		Debug|Any CPU = Debug|Any CPU
		Debug|Mixed Platforms = Debug|Mixed Platforms
		Debug|x86 = Debug|x86
		Release|Any CPU = Release|Any CPU
		Release|Mixed Platforms = Release|Mixed Platforms
		Release|x86 = Release|x86
	EndGlobalSection
	GlobalSection(ProjectConfigurationPlatforms) = postSolution
		{F213AE77-7CF1-482F-B62C-3462AD751FAE}.Debug|Any CPU.ActiveCfg = Debug|Any CPU
		{F213AE77-7CF1-482F-B62C-3462AD751FAE}.Debug|Any CPU.Build.0 = Debug|Any CPU
		{F213AE77-7CF1-482F-B62C-3462AD751FAE}.Debug|Mixed Platforms.ActiveCfg = Debug|Any CPU
		{F213AE77-7CF1-482F-B62C-3462AD751FAE}.Debug|Mixed Platforms.Build.0 = Debug|Any CPU
		{F213AE77-7CF1-482F-B62C-3462AD751FAE}.Debug|x86.ActiveCfg = Debug|x86
		{F213AE77-7CF1-482F-B62C-3462AD751FAE}.Debug|x86.Build.0 = Debug|x86
		{F213AE77-7CF1-482F-B62C-3462AD751FAE}.Release|Any CPU.ActiveCfg = Release|x86
		{F213AE77-7CF1-482F-B62C-3462AD751FAE}.Release|Mixed Platforms.ActiveCfg = Release|x86
		{F213AE77-7CF1-482F-B62C-3462AD751FAE}.Release|Mixed Platforms.Build.0 = Release|x86
		{F213AE77-7CF1-482F-B62C-3462AD751FAE}.Release|x86.ActiveCfg = Release|x86
		{F213AE77-7CF1-482F-B62C-3462AD751FAE}.Release|x86.Build.0 = Release|x86
		{47D06528-8371-40C3-B6D5-D4723BDCDD9E}.Debug|Any CPU.ActiveCfg = Debug|Any CPU
		{47D06528-8371-40C3-B6D5-D4723BDCDD9E}.Debug|Any CPU.Build.0 = Debug|Any CPU
		{47D06528-8371-40C3-B6D5-D4723BDCDD9E}.Debug|Mixed Platforms.ActiveCfg = Debug|Any CPU
		{47D06528-8371-40C3-B6D5-D4723BDCDD9E}.Debug|Mixed Platforms.Build.0 = Debug|Any CPU
		{47D06528-8371-40C3-B6D5-D4723BDCDD9E}.Debug|x86.ActiveCfg = Debug|Any CPU
		{47D06528-8371-40C3-B6D5-D4723BDCDD9E}.Release|Any CPU.ActiveCfg = Release|Any CPU
		{47D06528-8371-40C3-B6D5-D4723BDCDD9E}.Release|Any CPU.Build.0 = Release|Any CPU
		{47D06528-8371-40C3-B6D5-D4723BDCDD9E}.Release|Mixed Platforms.ActiveCfg = Release|Any CPU
		{47D06528-8371-40C3-B6D5-D4723BDCDD9E}.Release|Mixed Platforms.Build.0 = Release|Any CPU
		{47D06528-8371-40C3-B6D5-D4723BDCDD9E}.Release|x86.ActiveCfg = Release|Any CPU
	EndGlobalSection
	GlobalSection(SolutionProperties) = preSolution
		HideSolutionNode = FALSE
	EndGlobalSection
EndGlobal
